// !$*UTF8*$!
{
	archiveVersion = 1;
	classes = {
	};
	objectVersion = 46;
	objects = {

/* Begin PBXBuildFile section */
		04B1411A1B8581B4003EA38A /* main.m in Sources */ = {isa = PBXBuildFile; fileRef = 04B141191B8581B4003EA38A /* main.m */; };
		04B1411D1B8581B4003EA38A /* AppDelegate.m in Sources */ = {isa = PBXBuildFile; fileRef = 04B1411C1B8581B4003EA38A /* AppDelegate.m */; };
		04B141201B8581B4003EA38A /* ViewController.m in Sources */ = {isa = PBXBuildFile; fileRef = 04B1411F1B8581B4003EA38A /* ViewController.m */; };
		04B141231B8581B4003EA38A /* Main.storyboard in Resources */ = {isa = PBXBuildFile; fileRef = 04B141211B8581B4003EA38A /* Main.storyboard */; };
		04B141251B8581B4003EA38A /* Images.xcassets in Resources */ = {isa = PBXBuildFile; fileRef = 04B141241B8581B4003EA38A /* Images.xcassets */; };
		04B141281B8581B4003EA38A /* LaunchScreen.xib in Resources */ = {isa = PBXBuildFile; fileRef = 04B141261B8581B4003EA38A /* LaunchScreen.xib */; };
		04B141341B8581B4003EA38A /* ItunesFileShareTests.m in Sources */ = {isa = PBXBuildFile; fileRef = 04B141331B8581B4003EA38A /* ItunesFileShareTests.m */; };
/* End PBXBuildFile section */

/* Begin PBXContainerItemProxy section */
		04B1412E1B8581B4003EA38A /* PBXContainerItemProxy */ = {
			isa = PBXContainerItemProxy;
			containerPortal = 04B1410C1B8581B4003EA38A /* Project object */;
			proxyType = 1;
			remoteGlobalIDString = 04B141131B8581B4003EA38A;
			remoteInfo = ItunesFileShare;
		};
/* End PBXContainerItemProxy section */

/* Begin PBXFileReference section */
		04B141141B8581B4003EA38A /* ItunesFileShare.app */ = {isa = PBXFileReference; explicitFileType = wrapper.application; includeInIndex = 0; path = ItunesFileShare.app; sourceTree = BUILT_PRODUCTS_DIR; };
		04B141181B8581B4003EA38A /* Info.plist */ = {isa = PBXFileReference; lastKnownFileType = text.plist.xml; path = Info.plist; sourceTree = "<group>"; };
		04B141191B8581B4003EA38A /* main.m */ = {isa = PBXFileReference; lastKnownFileType = sourcecode.c.objc; path = main.m; sourceTree = "<group>"; };
		04B1411B1B8581B4003EA38A /* AppDelegate.h */ = {isa = PBXFileReference; lastKnownFileType = sourcecode.c.h; path = AppDelegate.h; sourceTree = "<group>"; };
		04B1411C1B8581B4003EA38A /* AppDelegate.m */ = {isa = PBXFileReference; lastKnownFileType = sourcecode.c.objc; path = AppDelegate.m; sourceTree = "<group>"; };
		04B1411E1B8581B4003EA38A /* ViewController.h */ = {isa = PBXFileReference; lastKnownFileType = sourcecode.c.h; path = ViewController.h; sourceTree = "<group>"; };
		04B1411F1B8581B4003EA38A /* ViewController.m */ = {isa = PBXFileReference; lastKnownFileType = sourcecode.c.objc; path = ViewController.m; sourceTree = "<group>"; };
		04B141221B8581B4003EA38A /* Base */ = {isa = PBXFileReference; lastKnownFileType = file.storyboard; name = Base; path = Base.lproj/Main.storyboard; sourceTree = "<group>"; };
		04B141241B8581B4003EA38A /* Images.xcassets */ = {isa = PBXFileReference; lastKnownFileType = folder.assetcatalog; path = Images.xcassets; sourceTree = "<group>"; };
		04B141271B8581B4003EA38A /* Base */ = {isa = PBXFileReference; lastKnownFileType = file.xib; name = Base; path = Base.lproj/LaunchScreen.xib; sourceTree = "<group>"; };
		04B1412D1B8581B4003EA38A /* ItunesFileShareTests.xctest */ = {isa = PBXFileReference; explicitFileType = wrapper.cfbundle; includeInIndex = 0; path = ItunesFileShareTests.xctest; sourceTree = BUILT_PRODUCTS_DIR; };
		04B141321B8581B4003EA38A /* Info.plist */ = {isa = PBXFileReference; lastKnownFileType = text.plist.xml; path = Info.plist; sourceTree = "<group>"; };
		04B141331B8581B4003EA38A /* ItunesFileShareTests.m */ = {isa = PBXFileReference; lastKnownFileType = sourcecode.c.objc; path = ItunesFileShareTests.m; sourceTree = "<group>"; };
/* End PBXFileReference section */

/* Begin PBXFrameworksBuildPhase section */
		04B141111B8581B4003EA38A /* Frameworks */ = {
			isa = PBXFrameworksBuildPhase;
			buildActionMask = 2147483647;
			files = (
			);
			runOnlyForDeploymentPostprocessing = 0;
		};
		04B1412A1B8581B4003EA38A /* Frameworks */ = {
			isa = PBXFrameworksBuildPhase;
			buildActionMask = 2147483647;
			files = (
			);
			runOnlyForDeploymentPostprocessing = 0;
		};
/* End PBXFrameworksBuildPhase section */

/* Begin PBXGroup section */
		04B1410B1B8581B4003EA38A = {
			isa = PBXGroup;
			children = (
				04B141161B8581B4003EA38A /* ItunesFileShare */,
				04B141301B8581B4003EA38A /* ItunesFileShareTests */,
				04B141151B8581B4003EA38A /* Products */,
			);
			sourceTree = "<group>";
		};
		04B141151B8581B4003EA38A /* Products */ = {
			isa = PBXGroup;
			children = (
				04B141141B8581B4003EA38A /* ItunesFileShare.app */,
				04B1412D1B8581B4003EA38A /* ItunesFileShareTests.xctest */,
			);
			name = Products;
			sourceTree = "<group>";
		};
		04B141161B8581B4003EA38A /* ItunesFileShare */ = {
			isa = PBXGroup;
			children = (
				04B1411B1B8581B4003EA38A /* AppDelegate.h */,
				04B1411C1B8581B4003EA38A /* AppDelegate.m */,
				04B1411E1B8581B4003EA38A /* ViewController.h */,
				04B1411F1B8581B4003EA38A /* ViewController.m */,
				04B141211B8581B4003EA38A /* Main.storyboard */,
				04B141241B8581B4003EA38A /* Images.xcassets */,
				04B141261B8581B4003EA38A /* LaunchScreen.xib */,
				04B141171B8581B4003EA38A /* Supporting Files */,
			);
			path = ItunesFileShare;
			sourceTree = "<group>";
		};
		04B141171B8581B4003EA38A /* Supporting Files */ = {
			isa = PBXGroup;
			children = (
				04B141181B8581B4003EA38A /* Info.plist */,
				04B141191B8581B4003EA38A /* main.m */,
			);
			name = "Supporting Files";
			sourceTree = "<group>";
		};
		04B141301B8581B4003EA38A /* ItunesFileShareTests */ = {
			isa = PBXGroup;
			children = (
				04B141331B8581B4003EA38A /* ItunesFileShareTests.m */,
				04B141311B8581B4003EA38A /* Supporting Files */,
			);
			path = ItunesFileShareTests;
			sourceTree = "<group>";
		};
		04B141311B8581B4003EA38A /* Supporting Files */ = {
			isa = PBXGroup;
			children = (
				04B141321B8581B4003EA38A /* Info.plist */,
			);
			name = "Supporting Files";
			sourceTree = "<group>";
		};
/* End PBXGroup section */

/* Begin PBXNativeTarget section */
		04B141131B8581B4003EA38A /* ItunesFileShare */ = {
			isa = PBXNativeTarget;
			buildConfigurationList = 04B141371B8581B4003EA38A /* Build configuration list for PBXNativeTarget "ItunesFileShare" */;
			buildPhases = (
				04B141101B8581B4003EA38A /* Sources */,
				04B141111B8581B4003EA38A /* Frameworks */,
				04B141121B8581B4003EA38A /* Resources */,
			);
			buildRules = (
			);
			dependencies = (
			);
			name = ItunesFileShare;
			productName = ItunesFileShare;
			productReference = 04B141141B8581B4003EA38A /* ItunesFileShare.app */;
			productType = "com.apple.product-type.application";
		};
		04B1412C1B8581B4003EA38A /* ItunesFileShareTests */ = {
			isa = PBXNativeTarget;
			buildConfigurationList = 04B1413A1B8581B4003EA38A /* Build configuration list for PBXNativeTarget "ItunesFileShareTests" */;
			buildPhases = (
				04B141291B8581B4003EA38A /* Sources */,
				04B1412A1B8581B4003EA38A /* Frameworks */,
				04B1412B1B8581B4003EA38A /* Resources */,
			);
			buildRules = (
			);
			dependencies = (
				04B1412F1B8581B4003EA38A /* PBXTargetDependency */,
			);
			name = ItunesFileShareTests;
			productName = ItunesFileShareTests;
			productReference = 04B1412D1B8581B4003EA38A /* ItunesFileShareTests.xctest */;
			productType = "com.apple.product-type.bundle.unit-test";
		};
/* End PBXNativeTarget section */

/* Begin PBXProject section */
		04B1410C1B8581B4003EA38A /* Project object */ = {
			isa = PBXProject;
			attributes = {
				LastUpgradeCheck = 0640;
				ORGANIZATIONNAME = uupye;
				TargetAttributes = {
					04B141131B8581B4003EA38A = {
						CreatedOnToolsVersion = 6.4;
					};
					04B1412C1B8581B4003EA38A = {
						CreatedOnToolsVersion = 6.4;
						TestTargetID = 04B141131B8581B4003EA38A;
					};
				};
			};
			buildConfigurationList = 04B1410F1B8581B4003EA38A /* Build configuration list for PBXProject "ItunesFileShare" */;
			compatibilityVersion = "Xcode 3.2";
			developmentRegion = English;
			hasScannedForEncodings = 0;
			knownRegions = (
				en,
				Base,
			);
			mainGroup = 04B1410B1B8581B4003EA38A;
			productRefGroup = 04B141151B8581B4003EA38A /* Products */;
			projectDirPath = "";
			projectRoot = "";
			targets = (
				04B141131B8581B4003EA38A /* ItunesFileShare */,
				04B1412C1B8581B4003EA38A /* ItunesFileShareTests */,
			);
		};
/* End PBXProject section */

/* Begin PBXResourcesBuildPhase section */
		04B141121B8581B4003EA38A /* Resources */ = {
			isa = PBXResourcesBuildPhase;
			buildActionMask = 2147483647;
			files = (
				04B141231B8581B4003EA38A /* Main.storyboard in Resources */,
				04B141281B8581B4003EA38A /* LaunchScreen.xib in Resources */,
				04B141251B8581B4003EA38A /* Images.xcassets in Resources */,
			);
			runOnlyForDeploymentPostprocessing = 0;
		};
		04B1412B1B8581B4003EA38A /* Resources */ = {
			isa = PBXResourcesBuildPhase;
			buildActionMask = 2147483647;
			files = (
			);
			runOnlyForDeploymentPostprocessing = 0;
		};
/* End PBXResourcesBuildPhase section */

/* Begin PBXSourcesBuildPhase section */
		04B141101B8581B4003EA38A /* Sources */ = {
			isa = PBXSourcesBuildPhase;
			buildActionMask = 2147483647;
			files = (
				04B141201B8581B4003EA38A /* ViewController.m in Sources */,
				04B1411D1B8581B4003EA38A /* AppDelegate.m in Sources */,
				04B1411A1B8581B4003EA38A /* main.m in Sources */,
			);
			runOnlyForDeploymentPostprocessing = 0;
		};
		04B141291B8581B4003EA38A /* Sources */ = {
			isa = PBXSourcesBuildPhase;
			buildActionMask = 2147483647;
			files = (
				04B141341B8581B4003EA38A /* ItunesFileShareTests.m in Sources */,
			);
			runOnlyForDeploymentPostprocessing = 0;
		};
/* End PBXSourcesBuildPhase section */

/* Begin PBXTargetDependency section */
		04B1412F1B8581B4003EA38A /* PBXTargetDependency */ = {
			isa = PBXTargetDependency;
			target = 04B141131B8581B4003EA38A /* ItunesFileShare */;
			targetProxy = 04B1412E1B8581B4003EA38A /* PBXContainerItemProxy */;
		};
/* End PBXTargetDependency section */

/* Begin PBXVariantGroup section */
		04B141211B8581B4003EA38A /* Main.storyboard */ = {
			isa = PBXVariantGroup;
			children = (
				04B141221B8581B4003EA38A /* Base */,
			);
			name = Main.storyboard;
			sourceTree = "<group>";
		};
		04B141261B8581B4003EA38A /* LaunchScreen.xib */ = {
			isa = PBXVariantGroup;
			children = (
				04B141271B8581B4003EA38A /* Base */,
			);
			name = LaunchScreen.xib;
			sourceTree = "<group>";
		};
/* End PBXVariantGroup section */

/* Begin XCBuildConfiguration section */
		04B141351B8581B4003EA38A /* Debug */ = {
			isa = XCBuildConfiguration;
			buildSettings = {
				ALWAYS_SEARCH_USER_PATHS = NO;
				CLANG_CXX_LANGUAGE_STANDARD = "gnu++0x";
				CLANG_CXX_LIBRARY = "libc++";
				CLANG_ENABLE_MODULES = YES;
				CLANG_ENABLE_OBJC_ARC = YES;
				CLANG_WARN_BOOL_CONVERSION = YES;
				CLANG_WARN_CONSTANT_CONVERSION = YES;
				CLANG_WARN_DIRECT_OBJC_ISA_USAGE = YES_ERROR;
				CLANG_WARN_EMPTY_BODY = YES;
				CLANG_WARN_ENUM_CONVERSION = YES;
				CLANG_WARN_INT_CONVERSION = YES;
				CLANG_WARN_OBJC_ROOT_CLASS = YES_ERROR;
				CLANG_WARN_UNREACHABLE_CODE = YES;
				CLANG_WARN__DUPLICATE_METHOD_MATCH = YES;
				"CODE_SIGN_IDENTITY[sdk=iphoneos*]" = "iPhone Developer";
				COPY_PHASE_STRIP = NO;
				DEBUG_INFORMATION_FORMAT = "dwarf-with-dsym";
				ENABLE_STRICT_OBJC_MSGSEND = YES;
				GCC_C_LANGUAGE_STANDARD = gnu99;
				GCC_DYNAMIC_NO_PIC = NO;
				GCC_NO_COMMON_BLOCKS = YES;
				GCC_OPTIMIZATION_LEVEL = 0;
				GCC_PREPROCESSOR_DEFINITIONS = (
					"DEBUG=1",
					"$(inherited)",
				);
				GCC_SYMBOLS_PRIVATE_EXTERN = NO;
				GCC_WARN_64_TO_32_BIT_CONVERSION = YES;
				GCC_WARN_ABOUT_RETURN_TYPE = YES_ERROR;
				GCC_WARN_UNDECLARED_SELECTOR = YES;
				GCC_WARN_UNINITIALIZED_AUTOS = YES_AGGRESSIVE;
				GCC_WARN_UNUSED_FUNCTION = YES;
				GCC_WARN_UNUSED_VARIABLE = YES;
				IPHONEOS_DEPLOYMENT_TARGET = 8.4;
				MTL_ENABLE_DEBUG_INFO = YES;
				ONLY_ACTIVE_ARCH = YES;
				SDKROOT = iphoneos;
				TARGETED_DEVICE_FAMILY = "1,2";
			};
			name = Debug;
		};
		04B141361B8581B4003EA38A /* Release */ = {
			isa = XCBuildConfiguration;
			buildSettings = {
				ALWAYS_SEARCH_USER_PATHS = NO;
				CLANG_CXX_LANGUAGE_STANDARD = "gnu++0x";
				CLANG_CXX_LIBRARY = "libc++";
				CLANG_ENABLE_MODULES = YES;
				CLANG_ENABLE_OBJC_ARC = YES;
				CLANG_WARN_BOOL_CONVERSION = YES;
				CLANG_WARN_CONSTANT_CONVERSION = YES;
				CLANG_WARN_DIRECT_OBJC_ISA_USAGE = YES_ERROR;
				CLANG_WARN_EMPTY_BODY = YES;
				CLANG_WARN_ENUM_CONVERSION = YES;
				CLANG_WARN_INT_CONVERSION = YES;
				CLANG_WARN_OBJC_ROOT_CLASS = YES_ERROR;
				CLANG_WARN_UNREACHABLE_CODE = YES;
				CLANG_WARN__DUPLICATE_METHOD_MATCH = YES;
				"CODE_SIGN_IDENTITY[sdk=iphoneos*]" = "iPhone Developer";
				COPY_PHASE_STRIP = NO;
				DEBUG_INFORMATION_FORMAT = "dwarf-with-dsym";
				ENABLE_NS_ASSERTIONS = NO;
				ENABLE_STRICT_OBJC_MSGSEND = YES;
				GCC_C_LANGUAGE_STANDARD = gnu99;
				GCC_NO_COMMON_BLOCKS = YES;
				GCC_WARN_64_TO_32_BIT_CONVERSION = YES;
				GCC_WARN_ABOUT_RETURN_TYPE = YES_ERROR;
				GCC_WARN_UNDECLARED_SELECTOR = YES;
				GCC_WARN_UNINITIALIZED_AUTOS = YES_AGGRESSIVE;
				GCC_WARN_UNUSED_FUNCTION = YES;
				GCC_WARN_UNUSED_VARIABLE = YES;
				IPHONEOS_DEPLOYMENT_TARGET = 8.4;
				MTL_ENABLE_DEBUG_INFO = NO;
				SDKROOT = iphoneos;
				TARGETED_DEVICE_FAMILY = "1,2";
				VALIDATE_PRODUCT = YES;
			};
			name = Release;
		};
		04B141381B8581B4003EA38A /* Debug */ = {
			isa = XCBuildConfiguration;
			buildSettings = {
				ASSETCATALOG_COMPILER_APPICON_NAME = AppIcon;
				"CODE_SIGN_IDENTITY[sdk=iphoneos*]" = "iPhone Developer: Pengjia Xu (L8H6P3SG7C)";
				INFOPLIST_FILE = ItunesFileShare/Info.plist;
				IPHONEOS_DEPLOYMENT_TARGET = 7.0;
				LD_RUNPATH_SEARCH_PATHS = "$(inherited) @executable_path/Frameworks";
				PRODUCT_NAME = "$(TARGET_NAME)";
				PROVISIONING_PROFILE = "c1ca8657-7685-4b39-ba43-523d9632b3b8";
			};
			name = Debug;
		};
		04B141391B8581B4003EA38A /* Release */ = {
			isa = XCBuildConfiguration;
			buildSettings = {
				ASSETCATALOG_COMPILER_APPICON_NAME = AppIcon;
				INFOPLIST_FILE = ItunesFileShare/Info.plist;
				IPHONEOS_DEPLOYMENT_TARGET = 7.0;
				LD_RUNPATH_SEARCH_PATHS = "$(inherited) @executable_path/Frameworks";
				PRODUCT_NAME = "$(TARGET_NAME)";
				PROVISIONING_PROFILE = "c1ca8657-7685-4b39-ba43-523d9632b3b8";
			};
			name = Release;
		};
		04B1413B1B8581B4003EA38A /* Debug */ = {
			isa = XCBuildConfiguration;
			buildSettings = {
				BUNDLE_LOADER = "$(TEST_HOST)";
				FRAMEWORK_SEARCH_PATHS = (
					"$(SDKROOT)/Developer/Library/Frameworks",
					"$(inherited)",
				);
				GCC_PREPROCESSOR_DEFINITIONS = (
					"DEBUG=1",
					"$(inherited)",
				);
				INFOPLIST_FILE = ItunesFileShareTests/Info.plist;
				LD_RUNPATH_SEARCH_PATHS = "$(inherited) @executable_path/Frameworks @loader_path/Frameworks";
				PRODUCT_NAME = "$(TARGET_NAME)";
				TEST_HOST = "$(BUILT_PRODUCTS_DIR)/ItunesFileShare.app/ItunesFileShare";
			};
			name = Debug;
		};
		04B1413C1B8581B4003EA38A /* Release */ = {
			isa = XCBuildConfiguration;
			buildSettings = {
				BUNDLE_LOADER = "$(TEST_HOST)";
				FRAMEWORK_SEARCH_PATHS = (
					"$(SDKROOT)/Developer/Library/Frameworks",
					"$(inherited)",
				);
				INFOPLIST_FILE = ItunesFileShareTests/Info.plist;
				LD_RUNPATH_SEARCH_PATHS = "$(inherited) @executable_path/Frameworks @loader_path/Frameworks";
				PRODUCT_NAME = "$(TARGET_NAME)";
				TEST_HOST = "$(BUILT_PRODUCTS_DIR)/ItunesFileShare.app/ItunesFileShare";
			};
			name = Release;
		};
/* End XCBuildConfiguration section */

/* Begin XCConfigurationList section */
		04B1410F1B8581B4003EA38A /* Build configuration list for PBXProject "ItunesFileShare" */ = {
			isa = XCConfigurationList;
			buildConfigurations = (
				04B141351B8581B4003EA38A /* Debug */,
				04B141361B8581B4003EA38A /* Release */,
			);
			defaultConfigurationIsVisible = 0;
			defaultConfigurationName = Release;
		};
		04B141371B8581B4003EA38A /* Build configuration list for PBXNativeTarget "ItunesFileShare" */ = {
			isa = XCConfigurationList;
			buildConfigurations = (
				04B141381B8581B4003EA38A /* Debug */,
				04B141391B8581B4003EA38A /* Release */,
			);
			defaultConfigurationIsVisible = 0;
		};
		04B1413A1B8581B4003EA38A /* Build configuration list for PBXNativeTarget "ItunesFileShareTests" */ = {
			isa = XCConfigurationList;
			buildConfigurations = (
				04B1413B1B8581B4003EA38A /* Debug */,
				04B1413C1B8581B4003EA38A /* Release */,
			);
			defaultConfigurationIsVisible = 0;
		};
/* End XCConfigurationList section */
	};
	rootObject = 04B1410C1B8581B4003EA38A /* Project object */;
}
